// !$*UTF8*$!
{
	archiveVersion = 1;
	classes = {
	};
	objectVersion = 46;
	objects = {

/* Begin PBXBuildFile section */
		3E15432719D5167500DCD221 /* AppDelegate.swift in Sources */ = {isa = PBXBuildFile; fileRef = 3E15432619D5167500DCD221 /* AppDelegate.swift */; };
		3E15432C19D5167500DCD221 /* Main.storyboard in Resources */ = {isa = PBXBuildFile; fileRef = 3E15432A19D5167500DCD221 /* Main.storyboard */; };
		3E15432E19D5167500DCD221 /* Images.xcassets in Resources */ = {isa = PBXBuildFile; fileRef = 3E15432D19D5167500DCD221 /* Images.xcassets */; };
		3E15433119D5167500DCD221 /* LaunchScreen.xib in Resources */ = {isa = PBXBuildFile; fileRef = 3E15432F19D5167500DCD221 /* LaunchScreen.xib */; };
		3E15433D19D5167500DCD221 /* CandySearchTests.swift in Sources */ = {isa = PBXBuildFile; fileRef = 3E15433C19D5167500DCD221 /* CandySearchTests.swift */; };
		3E15434719D517F700DCD221 /* Candy.swift in Sources */ = {isa = PBXBuildFile; fileRef = 3E15434619D517F700DCD221 /* Candy.swift */; };
		3E15434919D5189200DCD221 /* CandyTableViewController.swift in Sources */ = {isa = PBXBuildFile; fileRef = 3E15434819D5189200DCD221 /* CandyTableViewController.swift */; };
/* End PBXBuildFile section */

/* Begin PBXContainerItemProxy section */
		3E15433719D5167500DCD221 /* PBXContainerItemProxy */ = {
			isa = PBXContainerItemProxy;
			containerPortal = 3E15431919D5167500DCD221 /* Project object */;
			proxyType = 1;
			remoteGlobalIDString = 3E15432019D5167500DCD221;
			remoteInfo = CandySearch;
		};
/* End PBXContainerItemProxy section */

/* Begin PBXFileReference section */
		3E15432119D5167500DCD221 /* CandySearch.app */ = {isa = PBXFileReference; explicitFileType = wrapper.application; includeInIndex = 0; path = CandySearch.app; sourceTree = BUILT_PRODUCTS_DIR; };
		3E15432519D5167500DCD221 /* Info.plist */ = {isa = PBXFileReference; lastKnownFileType = text.plist.xml; path = Info.plist; sourceTree = "<group>"; };
		3E15432619D5167500DCD221 /* AppDelegate.swift */ = {isa = PBXFileReference; lastKnownFileType = sourcecode.swift; path = AppDelegate.swift; sourceTree = "<group>"; };
		3E15432B19D5167500DCD221 /* Base */ = {isa = PBXFileReference; lastKnownFileType = file.storyboard; name = Base; path = Base.lproj/Main.storyboard; sourceTree = "<group>"; };
		3E15432D19D5167500DCD221 /* Images.xcassets */ = {isa = PBXFileReference; lastKnownFileType = folder.assetcatalog; path = Images.xcassets; sourceTree = "<group>"; };
		3E15433019D5167500DCD221 /* Base */ = {isa = PBXFileReference; lastKnownFileType = file.xib; name = Base; path = Base.lproj/LaunchScreen.xib; sourceTree = "<group>"; };
		3E15433619D5167500DCD221 /* CandySearchTests.xctest */ = {isa = PBXFileReference; explicitFileType = wrapper.cfbundle; includeInIndex = 0; path = CandySearchTests.xctest; sourceTree = BUILT_PRODUCTS_DIR; };
		3E15433B19D5167500DCD221 /* Info.plist */ = {isa = PBXFileReference; lastKnownFileType = text.plist.xml; path = Info.plist; sourceTree = "<group>"; };
		3E15433C19D5167500DCD221 /* CandySearchTests.swift */ = {isa = PBXFileReference; lastKnownFileType = sourcecode.swift; path = CandySearchTests.swift; sourceTree = "<group>"; };
		3E15434619D517F700DCD221 /* Candy.swift */ = {isa = PBXFileReference; fileEncoding = 4; lastKnownFileType = sourcecode.swift; path = Candy.swift; sourceTree = "<group>"; };
		3E15434819D5189200DCD221 /* CandyTableViewController.swift */ = {isa = PBXFileReference; fileEncoding = 4; lastKnownFileType = sourcecode.swift; path = CandyTableViewController.swift; sourceTree = "<group>"; };
/* End PBXFileReference section */

/* Begin PBXFrameworksBuildPhase section */
		3E15431E19D5167500DCD221 /* Frameworks */ = {
			isa = PBXFrameworksBuildPhase;
			buildActionMask = 2147483647;
			files = (
			);
			runOnlyForDeploymentPostprocessing = 0;
		};
		3E15433319D5167500DCD221 /* Frameworks */ = {
			isa = PBXFrameworksBuildPhase;
			buildActionMask = 2147483647;
			files = (
			);
			runOnlyForDeploymentPostprocessing = 0;
		};
/* End PBXFrameworksBuildPhase section */

/* Begin PBXGroup section */
		3E15431819D5167500DCD221 = {
			isa = PBXGroup;
			children = (
				3E15432319D5167500DCD221 /* CandySearch */,
				3E15433919D5167500DCD221 /* CandySearchTests */,
				3E15432219D5167500DCD221 /* Products */,
			);
			sourceTree = "<group>";
		};
		3E15432219D5167500DCD221 /* Products */ = {
			isa = PBXGroup;
			children = (
				3E15432119D5167500DCD221 /* CandySearch.app */,
				3E15433619D5167500DCD221 /* CandySearchTests.xctest */,
			);
			name = Products;
			sourceTree = "<group>";
		};
		3E15432319D5167500DCD221 /* CandySearch */ = {
			isa = PBXGroup;
			children = (
				3E15432619D5167500DCD221 /* AppDelegate.swift */,
				3E15432A19D5167500DCD221 /* Main.storyboard */,
				3E15432D19D5167500DCD221 /* Images.xcassets */,
				3E15432F19D5167500DCD221 /* LaunchScreen.xib */,
				3E15432419D5167500DCD221 /* Supporting Files */,
				3E15434619D517F700DCD221 /* Candy.swift */,
				3E15434819D5189200DCD221 /* CandyTableViewController.swift */,
			);
			path = CandySearch;
			sourceTree = "<group>";
		};
		3E15432419D5167500DCD221 /* Supporting Files */ = {
			isa = PBXGroup;
			children = (
				3E15432519D5167500DCD221 /* Info.plist */,
			);
			name = "Supporting Files";
			sourceTree = "<group>";
		};
		3E15433919D5167500DCD221 /* CandySearchTests */ = {
			isa = PBXGroup;
			children = (
				3E15433C19D5167500DCD221 /* CandySearchTests.swift */,
				3E15433A19D5167500DCD221 /* Supporting Files */,
			);
			path = CandySearchTests;
			sourceTree = "<group>";
		};
		3E15433A19D5167500DCD221 /* Supporting Files */ = {
			isa = PBXGroup;
			children = (
				3E15433B19D5167500DCD221 /* Info.plist */,
			);
			name = "Supporting Files";
			sourceTree = "<group>";
		};
/* End PBXGroup section */

/* Begin PBXNativeTarget section */
		3E15432019D5167500DCD221 /* CandySearch */ = {
			isa = PBXNativeTarget;
			buildConfigurationList = 3E15434019D5167500DCD221 /* Build configuration list for PBXNativeTarget "CandySearch" */;
			buildPhases = (
				3E15431D19D5167500DCD221 /* Sources */,
				3E15431E19D5167500DCD221 /* Frameworks */,
				3E15431F19D5167500DCD221 /* Resources */,
			);
			buildRules = (
			);
			dependencies = (
			);
			name = CandySearch;
			productName = CandySearch;
			productReference = 3E15432119D5167500DCD221 /* CandySearch.app */;
			productType = "com.apple.product-type.application";
		};
		3E15433519D5167500DCD221 /* CandySearchTests */ = {
			isa = PBXNativeTarget;
			buildConfigurationList = 3E15434319D5167500DCD221 /* Build configuration list for PBXNativeTarget "CandySearchTests" */;
			buildPhases = (
				3E15433219D5167500DCD221 /* Sources */,
				3E15433319D5167500DCD221 /* Frameworks */,
				3E15433419D5167500DCD221 /* Resources */,
			);
			buildRules = (
			);
			dependencies = (
				3E15433819D5167500DCD221 /* PBXTargetDependency */,
			);
			name = CandySearchTests;
			productName = CandySearchTests;
			productReference = 3E15433619D5167500DCD221 /* CandySearchTests.xctest */;
			productType = "com.apple.product-type.bundle.unit-test";
		};
/* End PBXNativeTarget section */

/* Begin PBXProject section */
		3E15431919D5167500DCD221 /* Project object */ = {
			isa = PBXProject;
			attributes = {
				LastUpgradeCheck = 0600;
				ORGANIZATIONNAME = "Nicholas Jayanty";
				TargetAttributes = {
					3E15432019D5167500DCD221 = {
						CreatedOnToolsVersion = 6.0;
					};
					3E15433519D5167500DCD221 = {
						CreatedOnToolsVersion = 6.0;
						TestTargetID = 3E15432019D5167500DCD221;
					};
				};
			};
			buildConfigurationList = 3E15431C19D5167500DCD221 /* Build configuration list for PBXProject "CandySearch" */;
			compatibilityVersion = "Xcode 3.2";
			developmentRegion = English;
			hasScannedForEncodings = 0;
			knownRegions = (
				en,
				Base,
			);
			mainGroup = 3E15431819D5167500DCD221;
			productRefGroup = 3E15432219D5167500DCD221 /* Products */;
			projectDirPath = "";
			projectRoot = "";
			targets = (
				3E15432019D5167500DCD221 /* CandySearch */,
				3E15433519D5167500DCD221 /* CandySearchTests */,
			);
		};
/* End PBXProject section */

/* Begin PBXResourcesBuildPhase section */
		3E15431F19D5167500DCD221 /* Resources */ = {
			isa = PBXResourcesBuildPhase;
			buildActionMask = 2147483647;
			files = (
				3E15432C19D5167500DCD221 /* Main.storyboard in Resources */,
				3E15433119D5167500DCD221 /* LaunchScreen.xib in Resources */,
				3E15432E19D5167500DCD221 /* Images.xcassets in Resources */,
			);
			runOnlyForDeploymentPostprocessing = 0;
		};
		3E15433419D5167500DCD221 /* Resources */ = {
			isa = PBXResourcesBuildPhase;
			buildActionMask = 2147483647;
			files = (
			);
			runOnlyForDeploymentPostprocessing = 0;
		};
/* End PBXResourcesBuildPhase section */

/* Begin PBXSourcesBuildPhase section */
		3E15431D19D5167500DCD221 /* Sources */ = {
			isa = PBXSourcesBuildPhase;
			buildActionMask = 2147483647;
			files = (
				3E15432719D5167500DCD221 /* AppDelegate.swift in Sources */,
				3E15434719D517F700DCD221 /* Candy.swift in Sources */,
				3E15434919D5189200DCD221 /* CandyTableViewController.swift in Sources */,
			);
			runOnlyForDeploymentPostprocessing = 0;
		};
		3E15433219D5167500DCD221 /* Sources */ = {
			isa = PBXSourcesBuildPhase;
			buildActionMask = 2147483647;
			files = (
				3E15433D19D5167500DCD221 /* CandySearchTests.swift in Sources */,
			);
			runOnlyForDeploymentPostprocessing = 0;
		};
/* End PBXSourcesBuildPhase section */

/* Begin PBXTargetDependency section */
		3E15433819D5167500DCD221 /* PBXTargetDependency */ = {
			isa = PBXTargetDependency;
			target = 3E15432019D5167500DCD221 /* CandySearch */;
			targetProxy = 3E15433719D5167500DCD221 /* PBXContainerItemProxy */;
		};
/* End PBXTargetDependency section */

/* Begin PBXVariantGroup section */
		3E15432A19D5167500DCD221 /* Main.storyboard */ = {
			isa = PBXVariantGroup;
			children = (
				3E15432B19D5167500DCD221 /* Base */,
			);
			name = Main.storyboard;
			sourceTree = "<group>";
		};
		3E15432F19D5167500DCD221 /* LaunchScreen.xib */ = {
			isa = PBXVariantGroup;
			children = (
				3E15433019D5167500DCD221 /* Base */,
			);
			name = LaunchScreen.xib;
			sourceTree = "<group>";
		};
/* End PBXVariantGroup section */

/* Begin XCBuildConfiguration section */
		3E15433E19D5167500DCD221 /* Debug */ = {
			isa = XCBuildConfiguration;
			buildSettings = {
				ALWAYS_SEARCH_USER_PATHS = NO;
				CLANG_CXX_LANGUAGE_STANDARD = "gnu++0x";
				CLANG_CXX_LIBRARY = "libc++";
				CLANG_ENABLE_MODULES = YES;
				CLANG_ENABLE_OBJC_ARC = YES;
				CLANG_WARN_BOOL_CONVERSION = YES;
				CLANG_WARN_CONSTANT_CONVERSION = YES;
				CLANG_WARN_DIRECT_OBJC_ISA_USAGE = YES_ERROR;
				CLANG_WARN_EMPTY_BODY = YES;
				CLANG_WARN_ENUM_CONVERSION = YES;
				CLANG_WARN_INT_CONVERSION = YES;
				CLANG_WARN_OBJC_ROOT_CLASS = YES_ERROR;
				CLANG_WARN_UNREACHABLE_CODE = YES;
				CLANG_WARN__DUPLICATE_METHOD_MATCH = YES;
				"CODE_SIGN_IDENTITY[sdk=iphoneos*]" = "iPhone Developer";
				COPY_PHASE_STRIP = NO;
				ENABLE_STRICT_OBJC_MSGSEND = YES;
				GCC_C_LANGUAGE_STANDARD = gnu99;
				GCC_DYNAMIC_NO_PIC = NO;
				GCC_OPTIMIZATION_LEVEL = 0;
				GCC_PREPROCESSOR_DEFINITIONS = (
					"DEBUG=1",
					"$(inherited)",
				);
				GCC_SYMBOLS_PRIVATE_EXTERN = NO;
				GCC_WARN_64_TO_32_BIT_CONVERSION = YES;
				GCC_WARN_ABOUT_RETURN_TYPE = YES_ERROR;
				GCC_WARN_UNDECLARED_SELECTOR = YES;
				GCC_WARN_UNINITIALIZED_AUTOS = YES_AGGRESSIVE;
				GCC_WARN_UNUSED_FUNCTION = YES;
				GCC_WARN_UNUSED_VARIABLE = YES;
				IPHONEOS_DEPLOYMENT_TARGET = 8.0;
				MTL_ENABLE_DEBUG_INFO = YES;
				ONLY_ACTIVE_ARCH = YES;
				SDKROOT = iphoneos;
				SWIFT_OPTIMIZATION_LEVEL = "-Onone";
			};
			name = Debug;
		};
		3E15433F19D5167500DCD221 /* Release */ = {
			isa = XCBuildConfiguration;
			buildSettings = {
				ALWAYS_SEARCH_USER_PATHS = NO;
				CLANG_CXX_LANGUAGE_STANDARD = "gnu++0x";
				CLANG_CXX_LIBRARY = "libc++";
				CLANG_ENABLE_MODULES = YES;
				CLANG_ENABLE_OBJC_ARC = YES;
				CLANG_WARN_BOOL_CONVERSION = YES;
				CLANG_WARN_CONSTANT_CONVERSION = YES;
				CLANG_WARN_DIRECT_OBJC_ISA_USAGE = YES_ERROR;
				CLANG_WARN_EMPTY_BODY = YES;
				CLANG_WARN_ENUM_CONVERSION = YES;
				CLANG_WARN_INT_CONVERSION = YES;
				CLANG_WARN_OBJC_ROOT_CLASS = YES_ERROR;
				CLANG_WARN_UNREACHABLE_CODE = YES;
				CLANG_WARN__DUPLICATE_METHOD_MATCH = YES;
				"CODE_SIGN_IDENTITY[sdk=iphoneos*]" = "iPhone Developer";
				COPY_PHASE_STRIP = YES;
				ENABLE_NS_ASSERTIONS = NO;
				ENABLE_STRICT_OBJC_MSGSEND = YES;
				GCC_C_LANGUAGE_STANDARD = gnu99;
				GCC_WARN_64_TO_32_BIT_CONVERSION = YES;
				GCC_WARN_ABOUT_RETURN_TYPE = YES_ERROR;
				GCC_WARN_UNDECLARED_SELECTOR = YES;
				GCC_WARN_UNINITIALIZED_AUTOS = YES_AGGRESSIVE;
				GCC_WARN_UNUSED_FUNCTION = YES;
				GCC_WARN_UNUSED_VARIABLE = YES;
				IPHONEOS_DEPLOYMENT_TARGET = 8.0;
				MTL_ENABLE_DEBUG_INFO = NO;
				SDKROOT = iphoneos;
				VALIDATE_PRODUCT = YES;
			};
			name = Release;
		};
		3E15434119D5167500DCD221 /* Debug */ = {
			isa = XCBuildConfiguration;
			buildSettings = {
				ASSETCATALOG_COMPILER_APPICON_NAME = AppIcon;
				INFOPLIST_FILE = CandySearch/Info.plist;
				LD_RUNPATH_SEARCH_PATHS = "$(inherited) @executable_path/Frameworks";
				PRODUCT_NAME = "$(TARGET_NAME)";
			};
			name = Debug;
		};
		3E15434219D5167500DCD221 /* Release */ = {
			isa = XCBuildConfiguration;
			buildSettings = {
				ASSETCATALOG_COMPILER_APPICON_NAME = AppIcon;
				INFOPLIST_FILE = CandySearch/Info.plist;
				LD_RUNPATH_SEARCH_PATHS = "$(inherited) @executable_path/Frameworks";
				PRODUCT_NAME = "$(TARGET_NAME)";
			};
			name = Release;
		};
		3E15434419D5167500DCD221 /* Debug */ = {
			isa = XCBuildConfiguration;
			buildSettings = {
				BUNDLE_LOADER = "$(TEST_HOST)";
				FRAMEWORK_SEARCH_PATHS = (
					"$(SDKROOT)/Developer/Library/Frameworks",
					"$(inherited)",
				);
				GCC_PREPROCESSOR_DEFINITIONS = (
					"DEBUG=1",
					"$(inherited)",
				);
				INFOPLIST_FILE = CandySearchTests/Info.plist;
				LD_RUNPATH_SEARCH_PATHS = "$(inherited) @executable_path/Frameworks @loader_path/Frameworks";
				PRODUCT_NAME = "$(TARGET_NAME)";
				TEST_HOST = "$(BUILT_PRODUCTS_DIR)/CandySearch.app/CandySearch";
			};
			name = Debug;
		};
		3E15434519D5167500DCD221 /* Release */ = {
			isa = XCBuildConfiguration;
			buildSettings = {
				BUNDLE_LOADER = "$(TEST_HOST)";
				FRAMEWORK_SEARCH_PATHS = (
					"$(SDKROOT)/Developer/Library/Frameworks",
					"$(inherited)",
				);
				INFOPLIST_FILE = CandySearchTests/Info.plist;
				LD_RUNPATH_SEARCH_PATHS = "$(inherited) @executable_path/Frameworks @loader_path/Frameworks";
				PRODUCT_NAME = "$(TARGET_NAME)";
				TEST_HOST = "$(BUILT_PRODUCTS_DIR)/CandySearch.app/CandySearch";
			};
			name = Release;
		};
/* End XCBuildConfiguration section */

/* Begin XCConfigurationList section */
		3E15431C19D5167500DCD221 /* Build configuration list for PBXProject "CandySearch" */ = {
			isa = XCConfigurationList;
			buildConfigurations = (
				3E15433E19D5167500DCD221 /* Debug */,
				3E15433F19D5167500DCD221 /* Release */,
			);
			defaultConfigurationIsVisible = 0;
			defaultConfigurationName = Release;
		};
		3E15434019D5167500DCD221 /* Build configuration list for PBXNativeTarget "CandySearch" */ = {
			isa = XCConfigurationList;
			buildConfigurations = (
				3E15434119D5167500DCD221 /* Debug */,
				3E15434219D5167500DCD221 /* Release */,
			);
			defaultConfigurationIsVisible = 0;
		};
		3E15434319D5167500DCD221 /* Build configuration list for PBXNativeTarget "CandySearchTests" */ = {
			isa = XCConfigurationList;
			buildConfigurations = (
				3E15434419D5167500DCD221 /* Debug */,
				3E15434519D5167500DCD221 /* Release */,
			);
			defaultConfigurationIsVisible = 0;
		};
/* End XCConfigurationList section */
	};
	rootObject = 3E15431919D5167500DCD221 /* Project object */;
}
